
Microsoft Visual Studio Solution File, Format Version 12.00
# Visual Studio 14
VisualStudioVersion = 14.0.24720.0
MinimumVisualStudioVersion = 10.0.40219.1
Project("{FAE04EC0-301F-11D3-BF4B-00C04F79EFBC}") = "Nekobot", "Nekobot\Nekobot.csproj", "{E2CB1AB4-C221-4948-B1B8-2BF684502B5F}"
	ProjectSection(ProjectDependencies) = postProject
		{8D71A857-879A-4A10-859E-5FF824ED6688} = {8D71A857-879A-4A10-859E-5FF824ED6688}
		{2E624962-F155-432C-A90A-E1CE75DEE9EA} = {2E624962-F155-432C-A90A-E1CE75DEE9EA}
	EndProjectSection
EndProject
Project("{FAE04EC0-301F-11D3-BF4B-00C04F79EFBC}") = "Nekobot.Commands", "Nekobot.Commands\Nekobot.Commands.csproj", "{4C109E0E-5837-4A2E-8AB4-AB1F5CEAAC2D}"
	ProjectSection(ProjectDependencies) = postProject
		{8D71A857-879A-4A10-859E-5FF824ED6688} = {8D71A857-879A-4A10-859E-5FF824ED6688}
	EndProjectSection
EndProject
Project("{FAE04EC0-301F-11D3-BF4B-00C04F79EFBC}") = "Discord.Net", "Discord.Net\src\Discord.Net.Net45\Discord.Net.csproj", "{8D71A857-879A-4A10-859E-5FF824ED6688}"
EndProject
Project("{FAE04EC0-301F-11D3-BF4B-00C04F79EFBC}") = "ChatterBotAPI", "chatter-bot-api\dotnet\ChatterBotAPI\ChatterBotAPI.csproj", "{2E624962-F155-432C-A90A-E1CE75DEE9EA}"
EndProject
Project("{FAE04EC0-301F-11D3-BF4B-00C04F79EFBC}") = "SoundCloud.NET", "SoundCloud.NET\SoundCloud.NET\SoundCloud.NET.csproj", "{17333AE0-A1EB-4B40-8865-8261C690814C}"
EndProject
Project("{FAE04EC0-301F-11D3-BF4B-00C04F79EFBC}") = "Discord.Net.Audio", "Discord.Net\src\Discord.Net.Audio.Net45\Discord.Net.Audio.csproj", "{7BFEF748-B934-4621-9B11-6302E3A9F6B3}"
EndProject
Project("{FAE04EC0-301F-11D3-BF4B-00C04F79EFBC}") = "RollGen.Domain", "RollGen\Domain\RollGen.Domain.csproj", "{A04A2392-A66D-4FEE-A931-4A17991AF64C}"
EndProject
Project("{FAE04EC0-301F-11D3-BF4B-00C04F79EFBC}") = "RollGen", "RollGen\RollGen\RollGen.csproj", "{1E946755-ACA8-4C4A-8116-82B6E11E5F8A}"
EndProject
Global
	GlobalSection(SharedMSBuildProjectFiles) = preSolution
		Discord.Net\src\Discord.Net.Shared\Discord.Net.Shared.projitems*{7bfef748-b934-4621-9b11-6302e3a9f6b3}*SharedItemsImports = 4
		Discord.Net\src\Discord.Net.Shared\Discord.Net.Shared.projitems*{8d71a857-879a-4a10-859e-5ff824ed6688}*SharedItemsImports = 4
	EndGlobalSection
	GlobalSection(SolutionConfigurationPlatforms) = preSolution
		Debug|Any CPU = Debug|Any CPU
		FullDebug|Any CPU = FullDebug|Any CPU
		Release|Any CPU = Release|Any CPU
	EndGlobalSection
	GlobalSection(ProjectConfigurationPlatforms) = postSolution
		{E2CB1AB4-C221-4948-B1B8-2BF684502B5F}.Debug|Any CPU.ActiveCfg = Debug|Any CPU
		{E2CB1AB4-C221-4948-B1B8-2BF684502B5F}.Debug|Any CPU.Build.0 = Debug|Any CPU
		{E2CB1AB4-C221-4948-B1B8-2BF684502B5F}.FullDebug|Any CPU.ActiveCfg = Debug|Any CPU
		{E2CB1AB4-C221-4948-B1B8-2BF684502B5F}.FullDebug|Any CPU.Build.0 = Debug|Any CPU
		{E2CB1AB4-C221-4948-B1B8-2BF684502B5F}.Release|Any CPU.ActiveCfg = Release|Any CPU
		{E2CB1AB4-C221-4948-B1B8-2BF684502B5F}.Release|Any CPU.Build.0 = Release|Any CPU
		{4C109E0E-5837-4A2E-8AB4-AB1F5CEAAC2D}.Debug|Any CPU.ActiveCfg = Debug|Any CPU
		{4C109E0E-5837-4A2E-8AB4-AB1F5CEAAC2D}.Debug|Any CPU.Build.0 = Debug|Any CPU
		{4C109E0E-5837-4A2E-8AB4-AB1F5CEAAC2D}.FullDebug|Any CPU.ActiveCfg = Debug|Any CPU
		{4C109E0E-5837-4A2E-8AB4-AB1F5CEAAC2D}.FullDebug|Any CPU.Build.0 = Debug|Any CPU
		{4C109E0E-5837-4A2E-8AB4-AB1F5CEAAC2D}.Release|Any CPU.ActiveCfg = Release|Any CPU
		{4C109E0E-5837-4A2E-8AB4-AB1F5CEAAC2D}.Release|Any CPU.Build.0 = Release|Any CPU
		{8D71A857-879A-4A10-859E-5FF824ED6688}.Debug|Any CPU.ActiveCfg = Debug|Any CPU
		{8D71A857-879A-4A10-859E-5FF824ED6688}.Debug|Any CPU.Build.0 = Debug|Any CPU
		{8D71A857-879A-4A10-859E-5FF824ED6688}.FullDebug|Any CPU.ActiveCfg = Debug|Any CPU
		{8D71A857-879A-4A10-859E-5FF824ED6688}.FullDebug|Any CPU.Build.0 = Debug|Any CPU
		{8D71A857-879A-4A10-859E-5FF824ED6688}.Release|Any CPU.ActiveCfg = Release|Any CPU
		{8D71A857-879A-4A10-859E-5FF824ED6688}.Release|Any CPU.Build.0 = Release|Any CPU
		{2E624962-F155-432C-A90A-E1CE75DEE9EA}.Debug|Any CPU.ActiveCfg = Debug|Any CPU
		{2E624962-F155-432C-A90A-E1CE75DEE9EA}.Debug|Any CPU.Build.0 = Debug|Any CPU
		{2E624962-F155-432C-A90A-E1CE75DEE9EA}.FullDebug|Any CPU.ActiveCfg = Debug|Any CPU
		{2E624962-F155-432C-A90A-E1CE75DEE9EA}.FullDebug|Any CPU.Build.0 = Debug|Any CPU
		{2E624962-F155-432C-A90A-E1CE75DEE9EA}.Release|Any CPU.ActiveCfg = Release|Any CPU
		{2E624962-F155-432C-A90A-E1CE75DEE9EA}.Release|Any CPU.Build.0 = Release|Any CPU
		{17333AE0-A1EB-4B40-8865-8261C690814C}.Debug|Any CPU.ActiveCfg = Debug|Any CPU
		{17333AE0-A1EB-4B40-8865-8261C690814C}.Debug|Any CPU.Build.0 = Debug|Any CPU
		{17333AE0-A1EB-4B40-8865-8261C690814C}.FullDebug|Any CPU.ActiveCfg = Debug|Any CPU
		{17333AE0-A1EB-4B40-8865-8261C690814C}.FullDebug|Any CPU.Build.0 = Debug|Any CPU
		{17333AE0-A1EB-4B40-8865-8261C690814C}.Release|Any CPU.ActiveCfg = Release|Any CPU
		{17333AE0-A1EB-4B40-8865-8261C690814C}.Release|Any CPU.Build.0 = Release|Any CPU
		{7BFEF748-B934-4621-9B11-6302E3A9F6B3}.Debug|Any CPU.ActiveCfg = Debug|Any CPU
		{7BFEF748-B934-4621-9B11-6302E3A9F6B3}.Debug|Any CPU.Build.0 = Debug|Any CPU
		{7BFEF748-B934-4621-9B11-6302E3A9F6B3}.FullDebug|Any CPU.ActiveCfg = Debug|Any CPU
		{7BFEF748-B934-4621-9B11-6302E3A9F6B3}.FullDebug|Any CPU.Build.0 = Debug|Any CPU
		{7BFEF748-B934-4621-9B11-6302E3A9F6B3}.Release|Any CPU.ActiveCfg = Release|Any CPU
		{7BFEF748-B934-4621-9B11-6302E3A9F6B3}.Release|Any CPU.Build.0 = Release|Any CPU
		{A04A2392-A66D-4FEE-A931-4A17991AF64C}.Debug|Any CPU.ActiveCfg = Debug|Any CPU
		{A04A2392-A66D-4FEE-A931-4A17991AF64C}.Debug|Any CPU.Build.0 = Debug|Any CPU
		{A04A2392-A66D-4FEE-A931-4A17991AF64C}.FullDebug|Any CPU.ActiveCfg = Debug|Any CPU
		{A04A2392-A66D-4FEE-A931-4A17991AF64C}.FullDebug|Any CPU.Build.0 = Debug|Any CPU
		{A04A2392-A66D-4FEE-A931-4A17991AF64C}.Release|Any CPU.ActiveCfg = Release|Any CPU
		{A04A2392-A66D-4FEE-A931-4A17991AF64C}.Release|Any CPU.Build.0 = Release|Any CPU
		{1E946755-ACA8-4C4A-8116-82B6E11E5F8A}.Debug|Any CPU.ActiveCfg = Debug|Any CPU
		{1E946755-ACA8-4C4A-8116-82B6E11E5F8A}.Debug|Any CPU.Build.0 = Debug|Any CPU
		{1E946755-ACA8-4C4A-8116-82B6E11E5F8A}.FullDebug|Any CPU.ActiveCfg = Debug|Any CPU
		{1E946755-ACA8-4C4A-8116-82B6E11E5F8A}.FullDebug|Any CPU.Build.0 = Debug|Any CPU
		{1E946755-ACA8-4C4A-8116-82B6E11E5F8A}.Release|Any CPU.ActiveCfg = Release|Any CPU
		{1E946755-ACA8-4C4A-8116-82B6E11E5F8A}.Release|Any CPU.Build.0 = Release|Any CPU
	EndGlobalSection
	GlobalSection(SolutionProperties) = preSolution
		HideSolutionNode = FALSE
	EndGlobalSection
EndGlobal
