
Microsoft Visual Studio Solution File, Format Version 12.00
# Visual Studio 15
VisualStudioVersion = 15.0.26430.16
MinimumVisualStudioVersion = 10.0.40219.1
Project("{FAE04EC0-301F-11D3-BF4B-00C04F79EFBC}") = "Nekobot", "Nekobot\Nekobot.csproj", "{E2CB1AB4-C221-4948-B1B8-2BF684502B5F}"
	ProjectSection(ProjectDependencies) = postProject
		{4C109E0E-5837-4A2E-8AB4-AB1F5CEAAC2D} = {4C109E0E-5837-4A2E-8AB4-AB1F5CEAAC2D}
		{1E946755-ACA8-4C4A-8116-82B6E11E5F8A} = {1E946755-ACA8-4C4A-8116-82B6E11E5F8A}
		{5F359D8B-E61A-4A57-AC3E-819D3AF29C07} = {5F359D8B-E61A-4A57-AC3E-819D3AF29C07}
		{33C5FDC8-86DC-4A0C-9598-0DFC1D159DF8} = {33C5FDC8-86DC-4A0C-9598-0DFC1D159DF8}
		{3E085AD0-5C56-4F86-A78C-319CAED3386E} = {3E085AD0-5C56-4F86-A78C-319CAED3386E}
		{17333AE0-A1EB-4B40-8865-8261C690814C} = {17333AE0-A1EB-4B40-8865-8261C690814C}
	EndProjectSection
EndProject
Project("{FAE04EC0-301F-11D3-BF4B-00C04F79EFBC}") = "Nekobot.Commands", "Nekobot.Commands\Nekobot.Commands.csproj", "{4C109E0E-5837-4A2E-8AB4-AB1F5CEAAC2D}"
	ProjectSection(ProjectDependencies) = postProject
		{3E085AD0-5C56-4F86-A78C-319CAED3386E} = {3E085AD0-5C56-4F86-A78C-319CAED3386E}
	EndProjectSection
EndProject
Project("{FAE04EC0-301F-11D3-BF4B-00C04F79EFBC}") = "SoundCloud.NET", "SoundCloud.NET\SoundCloud.NET\SoundCloud.NET.csproj", "{17333AE0-A1EB-4B40-8865-8261C690814C}"
EndProject
Project("{FAE04EC0-301F-11D3-BF4B-00C04F79EFBC}") = "RollGen", "RollGen\RollGen\RollGen.csproj", "{1E946755-ACA8-4C4A-8116-82B6E11E5F8A}"
EndProject
Project("{9A19103F-16F7-4668-BE54-9A1E7A4F7556}") = "Discord.Net.Core", "Discord.Net\src\Discord.Net.Core\Discord.Net.Core.csproj", "{3E085AD0-5C56-4F86-A78C-319CAED3386E}"
EndProject
Project("{9A19103F-16F7-4668-BE54-9A1E7A4F7556}") = "Discord.Net.WebSocket", "Discord.Net\src\Discord.Net.WebSocket\Discord.Net.WebSocket.csproj", "{33C5FDC8-86DC-4A0C-9598-0DFC1D159DF8}"
EndProject
Project("{9A19103F-16F7-4668-BE54-9A1E7A4F7556}") = "Discord.Net.Rest", "Discord.Net\src\Discord.Net.Rest\Discord.Net.Rest.csproj", "{5F359D8B-E61A-4A57-AC3E-819D3AF29C07}"
EndProject
Global
	GlobalSection(SolutionConfigurationPlatforms) = preSolution
		Debug|Any CPU = Debug|Any CPU
		FullDebug|Any CPU = FullDebug|Any CPU
		Release|Any CPU = Release|Any CPU
		Stress|Any CPU = Stress|Any CPU
	EndGlobalSection
	GlobalSection(ProjectConfigurationPlatforms) = postSolution
		{E2CB1AB4-C221-4948-B1B8-2BF684502B5F}.Debug|Any CPU.ActiveCfg = Debug|Any CPU
		{E2CB1AB4-C221-4948-B1B8-2BF684502B5F}.Debug|Any CPU.Build.0 = Debug|Any CPU
		{E2CB1AB4-C221-4948-B1B8-2BF684502B5F}.FullDebug|Any CPU.ActiveCfg = Debug|Any CPU
		{E2CB1AB4-C221-4948-B1B8-2BF684502B5F}.FullDebug|Any CPU.Build.0 = Debug|Any CPU
		{E2CB1AB4-C221-4948-B1B8-2BF684502B5F}.Release|Any CPU.ActiveCfg = Release|Any CPU
		{E2CB1AB4-C221-4948-B1B8-2BF684502B5F}.Release|Any CPU.Build.0 = Release|Any CPU
		{E2CB1AB4-C221-4948-B1B8-2BF684502B5F}.Stress|Any CPU.ActiveCfg = Release|Any CPU
		{E2CB1AB4-C221-4948-B1B8-2BF684502B5F}.Stress|Any CPU.Build.0 = Release|Any CPU
		{4C109E0E-5837-4A2E-8AB4-AB1F5CEAAC2D}.Debug|Any CPU.ActiveCfg = Debug|Any CPU
		{4C109E0E-5837-4A2E-8AB4-AB1F5CEAAC2D}.Debug|Any CPU.Build.0 = Debug|Any CPU
		{4C109E0E-5837-4A2E-8AB4-AB1F5CEAAC2D}.FullDebug|Any CPU.ActiveCfg = Debug|Any CPU
		{4C109E0E-5837-4A2E-8AB4-AB1F5CEAAC2D}.FullDebug|Any CPU.Build.0 = Debug|Any CPU
		{4C109E0E-5837-4A2E-8AB4-AB1F5CEAAC2D}.Release|Any CPU.ActiveCfg = Release|Any CPU
		{4C109E0E-5837-4A2E-8AB4-AB1F5CEAAC2D}.Release|Any CPU.Build.0 = Release|Any CPU
		{4C109E0E-5837-4A2E-8AB4-AB1F5CEAAC2D}.Stress|Any CPU.ActiveCfg = Release|Any CPU
		{4C109E0E-5837-4A2E-8AB4-AB1F5CEAAC2D}.Stress|Any CPU.Build.0 = Release|Any CPU
		{17333AE0-A1EB-4B40-8865-8261C690814C}.Debug|Any CPU.ActiveCfg = Debug|Any CPU
		{17333AE0-A1EB-4B40-8865-8261C690814C}.Debug|Any CPU.Build.0 = Debug|Any CPU
		{17333AE0-A1EB-4B40-8865-8261C690814C}.FullDebug|Any CPU.ActiveCfg = Debug|Any CPU
		{17333AE0-A1EB-4B40-8865-8261C690814C}.FullDebug|Any CPU.Build.0 = Debug|Any CPU
		{17333AE0-A1EB-4B40-8865-8261C690814C}.Release|Any CPU.ActiveCfg = Release|Any CPU
		{17333AE0-A1EB-4B40-8865-8261C690814C}.Release|Any CPU.Build.0 = Release|Any CPU
		{17333AE0-A1EB-4B40-8865-8261C690814C}.Stress|Any CPU.ActiveCfg = Release|Any CPU
		{17333AE0-A1EB-4B40-8865-8261C690814C}.Stress|Any CPU.Build.0 = Release|Any CPU
		{1E946755-ACA8-4C4A-8116-82B6E11E5F8A}.Debug|Any CPU.ActiveCfg = Debug|Any CPU
		{1E946755-ACA8-4C4A-8116-82B6E11E5F8A}.Debug|Any CPU.Build.0 = Debug|Any CPU
		{1E946755-ACA8-4C4A-8116-82B6E11E5F8A}.FullDebug|Any CPU.ActiveCfg = Debug|Any CPU
		{1E946755-ACA8-4C4A-8116-82B6E11E5F8A}.FullDebug|Any CPU.Build.0 = Debug|Any CPU
		{1E946755-ACA8-4C4A-8116-82B6E11E5F8A}.Release|Any CPU.ActiveCfg = Release|Any CPU
		{1E946755-ACA8-4C4A-8116-82B6E11E5F8A}.Release|Any CPU.Build.0 = Release|Any CPU
		{1E946755-ACA8-4C4A-8116-82B6E11E5F8A}.Stress|Any CPU.ActiveCfg = Stress|Any CPU
		{1E946755-ACA8-4C4A-8116-82B6E11E5F8A}.Stress|Any CPU.Build.0 = Stress|Any CPU
		{3E085AD0-5C56-4F86-A78C-319CAED3386E}.Debug|Any CPU.ActiveCfg = Debug|Any CPU
		{3E085AD0-5C56-4F86-A78C-319CAED3386E}.Debug|Any CPU.Build.0 = Debug|Any CPU
		{3E085AD0-5C56-4F86-A78C-319CAED3386E}.FullDebug|Any CPU.ActiveCfg = Debug|Any CPU
		{3E085AD0-5C56-4F86-A78C-319CAED3386E}.FullDebug|Any CPU.Build.0 = Debug|Any CPU
		{3E085AD0-5C56-4F86-A78C-319CAED3386E}.Release|Any CPU.ActiveCfg = Release|Any CPU
		{3E085AD0-5C56-4F86-A78C-319CAED3386E}.Release|Any CPU.Build.0 = Release|Any CPU
		{3E085AD0-5C56-4F86-A78C-319CAED3386E}.Stress|Any CPU.ActiveCfg = Release|Any CPU
		{3E085AD0-5C56-4F86-A78C-319CAED3386E}.Stress|Any CPU.Build.0 = Release|Any CPU
		{33C5FDC8-86DC-4A0C-9598-0DFC1D159DF8}.Debug|Any CPU.ActiveCfg = Debug|Any CPU
		{33C5FDC8-86DC-4A0C-9598-0DFC1D159DF8}.Debug|Any CPU.Build.0 = Debug|Any CPU
		{33C5FDC8-86DC-4A0C-9598-0DFC1D159DF8}.FullDebug|Any CPU.ActiveCfg = Debug|Any CPU
		{33C5FDC8-86DC-4A0C-9598-0DFC1D159DF8}.FullDebug|Any CPU.Build.0 = Debug|Any CPU
		{33C5FDC8-86DC-4A0C-9598-0DFC1D159DF8}.Release|Any CPU.ActiveCfg = Release|Any CPU
		{33C5FDC8-86DC-4A0C-9598-0DFC1D159DF8}.Release|Any CPU.Build.0 = Release|Any CPU
		{33C5FDC8-86DC-4A0C-9598-0DFC1D159DF8}.Stress|Any CPU.ActiveCfg = Release|Any CPU
		{33C5FDC8-86DC-4A0C-9598-0DFC1D159DF8}.Stress|Any CPU.Build.0 = Release|Any CPU
		{5F359D8B-E61A-4A57-AC3E-819D3AF29C07}.Debug|Any CPU.ActiveCfg = Debug|Any CPU
		{5F359D8B-E61A-4A57-AC3E-819D3AF29C07}.Debug|Any CPU.Build.0 = Debug|Any CPU
		{5F359D8B-E61A-4A57-AC3E-819D3AF29C07}.FullDebug|Any CPU.ActiveCfg = Debug|Any CPU
		{5F359D8B-E61A-4A57-AC3E-819D3AF29C07}.FullDebug|Any CPU.Build.0 = Debug|Any CPU
		{5F359D8B-E61A-4A57-AC3E-819D3AF29C07}.Release|Any CPU.ActiveCfg = Release|Any CPU
		{5F359D8B-E61A-4A57-AC3E-819D3AF29C07}.Release|Any CPU.Build.0 = Release|Any CPU
		{5F359D8B-E61A-4A57-AC3E-819D3AF29C07}.Stress|Any CPU.ActiveCfg = Release|Any CPU
		{5F359D8B-E61A-4A57-AC3E-819D3AF29C07}.Stress|Any CPU.Build.0 = Release|Any CPU
	EndGlobalSection
	GlobalSection(SolutionProperties) = preSolution
		HideSolutionNode = FALSE
	EndGlobalSection
	GlobalSection(ExtensibilityGlobals) = postSolution
		SolutionGuid = {97BC8052-552C-49D2-B931-879340AC7EA8}
	EndGlobalSection
EndGlobal
